
Microsoft Visual Studio Solution File, Format Version 12.00
# Visual Studio 2012
Project("{FAE04EC0-301F-11D3-BF4B-00C04F79EFBC}") = "Sqrl.NET", "src\Sqrl.NET\Sqrl.NET.csproj", "{301A248B-F59A-4B7E-B01A-0A6B5E7D574C}"
EndProject
Project("{FAE04EC0-301F-11D3-BF4B-00C04F79EFBC}") = "Sqrl.NET.Tests", "src\Sqrl.NET.Tests\Sqrl.NET.Tests.csproj", "{4A829497-8FFC-4EBC-B6AB-40112423B2CD}"
EndProject
Project("{2150E333-8FDC-42A3-9474-1A3956D46DE8}") = "docs", "docs", "{88663ACB-C61B-4E09-9B59-76A756DB4FAB}"
	ProjectSection(SolutionItems) = preProject
		README.md = README.md
	EndProjectSection
EndProject
Project("{FAE04EC0-301F-11D3-BF4B-00C04F79EFBC}") = "libsodium-net", "lib\libsodium-net\libsodium-net\libsodium-net.csproj", "{48C1DF3F-2E09-4088-89B2-6E1B058E3100}"
EndProject
Project("{FAE04EC0-301F-11D3-BF4B-00C04F79EFBC}") = "Tests", "lib\libsodium-net\Tests\Tests.csproj", "{9A3A225B-2940-42B3-81A3-A06565FAB856}"
EndProject
Project("{FAE04EC0-301F-11D3-BF4B-00C04F79EFBC}") = "Sqrl.NET WP8", "src\Sqrl.NET WP8\Sqrl.NET WP8.csproj", "{3DF31CF4-4981-419B-A074-4829F2DAE2B2}"
EndProject
Project("{FAE04EC0-301F-11D3-BF4B-00C04F79EFBC}") = "Sqrl.WP8.NET", "src\Sqrl.WP8.NET\Sqrl.WP8.NET.csproj", "{A4B47946-A309-4FA3-BF72-62611A461EF9}"
EndProject
Project("{FAE04EC0-301F-11D3-BF4B-00C04F79EFBC}") = "Sqrl.NET.Web.App", "src\Sqrl.NET.Web.App\Sqrl.NET.Web.App.csproj", "{79FDC15E-8B2C-4C0B-89CA-2587FA443BF9}"
EndProject
Project("{FAE04EC0-301F-11D3-BF4B-00C04F79EFBC}") = "Sqrl.NET.Web.App.Tests", "src\Sqrl.NET.Web.App.Tests\Sqrl.NET.Web.App.Tests.csproj", "{9133274D-7734-4613-94FE-FFE3935757DF}"
EndProject
Global
	GlobalSection(SolutionConfigurationPlatforms) = preSolution
		Debug|Any CPU = Debug|Any CPU
		Debug|ARM = Debug|ARM
		Debug|Mixed Platforms = Debug|Mixed Platforms
		Debug|Win32 = Debug|Win32
		Debug|x64 = Debug|x64
		Debug|x86 = Debug|x86
		DebugDLL|Any CPU = DebugDLL|Any CPU
		DebugDLL|ARM = DebugDLL|ARM
		DebugDLL|Mixed Platforms = DebugDLL|Mixed Platforms
		DebugDLL|Win32 = DebugDLL|Win32
		DebugDLL|x64 = DebugDLL|x64
		DebugDLL|x86 = DebugDLL|x86
		Device|Any CPU = Device|Any CPU
		Device|ARM = Device|ARM
		Device|Mixed Platforms = Device|Mixed Platforms
		Device|Win32 = Device|Win32
		Device|x64 = Device|x64
		Device|x86 = Device|x86
		Release|Any CPU = Release|Any CPU
		Release|ARM = Release|ARM
		Release|Mixed Platforms = Release|Mixed Platforms
		Release|Win32 = Release|Win32
		Release|x64 = Release|x64
		Release|x86 = Release|x86
		ReleaseDLL|Any CPU = ReleaseDLL|Any CPU
		ReleaseDLL|ARM = ReleaseDLL|ARM
		ReleaseDLL|Mixed Platforms = ReleaseDLL|Mixed Platforms
		ReleaseDLL|Win32 = ReleaseDLL|Win32
		ReleaseDLL|x64 = ReleaseDLL|x64
		ReleaseDLL|x86 = ReleaseDLL|x86
	EndGlobalSection
	GlobalSection(ProjectConfigurationPlatforms) = postSolution
		{301A248B-F59A-4B7E-B01A-0A6B5E7D574C}.Debug|Any CPU.ActiveCfg = Debug|Any CPU
		{301A248B-F59A-4B7E-B01A-0A6B5E7D574C}.Debug|Any CPU.Build.0 = Debug|Any CPU
		{301A248B-F59A-4B7E-B01A-0A6B5E7D574C}.Debug|ARM.ActiveCfg = Debug|Any CPU
		{301A248B-F59A-4B7E-B01A-0A6B5E7D574C}.Debug|Mixed Platforms.ActiveCfg = Debug|Any CPU
		{301A248B-F59A-4B7E-B01A-0A6B5E7D574C}.Debug|Mixed Platforms.Build.0 = Debug|Any CPU
		{301A248B-F59A-4B7E-B01A-0A6B5E7D574C}.Debug|Win32.ActiveCfg = Debug|Any CPU
		{301A248B-F59A-4B7E-B01A-0A6B5E7D574C}.Debug|x64.ActiveCfg = Debug|Any CPU
		{301A248B-F59A-4B7E-B01A-0A6B5E7D574C}.Debug|x86.ActiveCfg = Debug|Any CPU
		{301A248B-F59A-4B7E-B01A-0A6B5E7D574C}.DebugDLL|Any CPU.ActiveCfg = Debug|Any CPU
		{301A248B-F59A-4B7E-B01A-0A6B5E7D574C}.DebugDLL|Any CPU.Build.0 = Debug|Any CPU
		{301A248B-F59A-4B7E-B01A-0A6B5E7D574C}.DebugDLL|ARM.ActiveCfg = Debug|Any CPU
		{301A248B-F59A-4B7E-B01A-0A6B5E7D574C}.DebugDLL|Mixed Platforms.ActiveCfg = Debug|Any CPU
		{301A248B-F59A-4B7E-B01A-0A6B5E7D574C}.DebugDLL|Mixed Platforms.Build.0 = Debug|Any CPU
		{301A248B-F59A-4B7E-B01A-0A6B5E7D574C}.DebugDLL|Win32.ActiveCfg = Debug|Any CPU
		{301A248B-F59A-4B7E-B01A-0A6B5E7D574C}.DebugDLL|x64.ActiveCfg = Debug|Any CPU
		{301A248B-F59A-4B7E-B01A-0A6B5E7D574C}.DebugDLL|x86.ActiveCfg = Debug|Any CPU
		{301A248B-F59A-4B7E-B01A-0A6B5E7D574C}.Device|Any CPU.ActiveCfg = Debug|Any CPU
		{301A248B-F59A-4B7E-B01A-0A6B5E7D574C}.Device|Any CPU.Build.0 = Debug|Any CPU
		{301A248B-F59A-4B7E-B01A-0A6B5E7D574C}.Device|ARM.ActiveCfg = Debug|Any CPU
		{301A248B-F59A-4B7E-B01A-0A6B5E7D574C}.Device|Mixed Platforms.ActiveCfg = Debug|Any CPU
		{301A248B-F59A-4B7E-B01A-0A6B5E7D574C}.Device|Mixed Platforms.Build.0 = Debug|Any CPU
		{301A248B-F59A-4B7E-B01A-0A6B5E7D574C}.Device|Win32.ActiveCfg = Debug|Any CPU
		{301A248B-F59A-4B7E-B01A-0A6B5E7D574C}.Device|x64.ActiveCfg = Debug|Any CPU
		{301A248B-F59A-4B7E-B01A-0A6B5E7D574C}.Device|x86.ActiveCfg = Debug|Any CPU
		{301A248B-F59A-4B7E-B01A-0A6B5E7D574C}.Release|Any CPU.ActiveCfg = Release|Any CPU
		{301A248B-F59A-4B7E-B01A-0A6B5E7D574C}.Release|Any CPU.Build.0 = Release|Any CPU
		{301A248B-F59A-4B7E-B01A-0A6B5E7D574C}.Release|ARM.ActiveCfg = Release|Any CPU
		{301A248B-F59A-4B7E-B01A-0A6B5E7D574C}.Release|Mixed Platforms.ActiveCfg = Release|Any CPU
		{301A248B-F59A-4B7E-B01A-0A6B5E7D574C}.Release|Mixed Platforms.Build.0 = Release|Any CPU
		{301A248B-F59A-4B7E-B01A-0A6B5E7D574C}.Release|Win32.ActiveCfg = Release|Any CPU
		{301A248B-F59A-4B7E-B01A-0A6B5E7D574C}.Release|x64.ActiveCfg = Release|Any CPU
		{301A248B-F59A-4B7E-B01A-0A6B5E7D574C}.Release|x86.ActiveCfg = Release|Any CPU
		{301A248B-F59A-4B7E-B01A-0A6B5E7D574C}.ReleaseDLL|Any CPU.ActiveCfg = Release|Any CPU
		{301A248B-F59A-4B7E-B01A-0A6B5E7D574C}.ReleaseDLL|Any CPU.Build.0 = Release|Any CPU
		{301A248B-F59A-4B7E-B01A-0A6B5E7D574C}.ReleaseDLL|ARM.ActiveCfg = Release|Any CPU
		{301A248B-F59A-4B7E-B01A-0A6B5E7D574C}.ReleaseDLL|Mixed Platforms.ActiveCfg = Release|Any CPU
		{301A248B-F59A-4B7E-B01A-0A6B5E7D574C}.ReleaseDLL|Mixed Platforms.Build.0 = Release|Any CPU
		{301A248B-F59A-4B7E-B01A-0A6B5E7D574C}.ReleaseDLL|Win32.ActiveCfg = Release|Any CPU
		{301A248B-F59A-4B7E-B01A-0A6B5E7D574C}.ReleaseDLL|x64.ActiveCfg = Release|Any CPU
		{301A248B-F59A-4B7E-B01A-0A6B5E7D574C}.ReleaseDLL|x86.ActiveCfg = Release|Any CPU
		{4A829497-8FFC-4EBC-B6AB-40112423B2CD}.Debug|Any CPU.ActiveCfg = Debug|Any CPU
		{4A829497-8FFC-4EBC-B6AB-40112423B2CD}.Debug|Any CPU.Build.0 = Debug|Any CPU
		{4A829497-8FFC-4EBC-B6AB-40112423B2CD}.Debug|ARM.ActiveCfg = Debug|Any CPU
		{4A829497-8FFC-4EBC-B6AB-40112423B2CD}.Debug|Mixed Platforms.ActiveCfg = Debug|Any CPU
		{4A829497-8FFC-4EBC-B6AB-40112423B2CD}.Debug|Mixed Platforms.Build.0 = Debug|Any CPU
		{4A829497-8FFC-4EBC-B6AB-40112423B2CD}.Debug|Win32.ActiveCfg = Debug|Any CPU
		{4A829497-8FFC-4EBC-B6AB-40112423B2CD}.Debug|x64.ActiveCfg = Debug|Any CPU
		{4A829497-8FFC-4EBC-B6AB-40112423B2CD}.Debug|x86.ActiveCfg = Debug|Any CPU
		{4A829497-8FFC-4EBC-B6AB-40112423B2CD}.DebugDLL|Any CPU.ActiveCfg = Debug|Any CPU
		{4A829497-8FFC-4EBC-B6AB-40112423B2CD}.DebugDLL|Any CPU.Build.0 = Debug|Any CPU
		{4A829497-8FFC-4EBC-B6AB-40112423B2CD}.DebugDLL|ARM.ActiveCfg = Debug|Any CPU
		{4A829497-8FFC-4EBC-B6AB-40112423B2CD}.DebugDLL|Mixed Platforms.ActiveCfg = Debug|Any CPU
		{4A829497-8FFC-4EBC-B6AB-40112423B2CD}.DebugDLL|Mixed Platforms.Build.0 = Debug|Any CPU
		{4A829497-8FFC-4EBC-B6AB-40112423B2CD}.DebugDLL|Win32.ActiveCfg = Debug|Any CPU
		{4A829497-8FFC-4EBC-B6AB-40112423B2CD}.DebugDLL|x64.ActiveCfg = Debug|Any CPU
		{4A829497-8FFC-4EBC-B6AB-40112423B2CD}.DebugDLL|x86.ActiveCfg = Debug|Any CPU
		{4A829497-8FFC-4EBC-B6AB-40112423B2CD}.Device|Any CPU.ActiveCfg = Debug|Any CPU
		{4A829497-8FFC-4EBC-B6AB-40112423B2CD}.Device|Any CPU.Build.0 = Debug|Any CPU
		{4A829497-8FFC-4EBC-B6AB-40112423B2CD}.Device|ARM.ActiveCfg = Debug|Any CPU
		{4A829497-8FFC-4EBC-B6AB-40112423B2CD}.Device|Mixed Platforms.ActiveCfg = Debug|Any CPU
		{4A829497-8FFC-4EBC-B6AB-40112423B2CD}.Device|Mixed Platforms.Build.0 = Debug|Any CPU
		{4A829497-8FFC-4EBC-B6AB-40112423B2CD}.Device|Win32.ActiveCfg = Debug|Any CPU
		{4A829497-8FFC-4EBC-B6AB-40112423B2CD}.Device|x64.ActiveCfg = Debug|Any CPU
		{4A829497-8FFC-4EBC-B6AB-40112423B2CD}.Device|x86.ActiveCfg = Debug|Any CPU
		{4A829497-8FFC-4EBC-B6AB-40112423B2CD}.Release|Any CPU.ActiveCfg = Release|Any CPU
		{4A829497-8FFC-4EBC-B6AB-40112423B2CD}.Release|Any CPU.Build.0 = Release|Any CPU
		{4A829497-8FFC-4EBC-B6AB-40112423B2CD}.Release|ARM.ActiveCfg = Release|Any CPU
		{4A829497-8FFC-4EBC-B6AB-40112423B2CD}.Release|Mixed Platforms.ActiveCfg = Release|Any CPU
		{4A829497-8FFC-4EBC-B6AB-40112423B2CD}.Release|Mixed Platforms.Build.0 = Release|Any CPU
		{4A829497-8FFC-4EBC-B6AB-40112423B2CD}.Release|Win32.ActiveCfg = Release|Any CPU
		{4A829497-8FFC-4EBC-B6AB-40112423B2CD}.Release|x64.ActiveCfg = Release|Any CPU
		{4A829497-8FFC-4EBC-B6AB-40112423B2CD}.Release|x86.ActiveCfg = Release|Any CPU
		{4A829497-8FFC-4EBC-B6AB-40112423B2CD}.ReleaseDLL|Any CPU.ActiveCfg = Release|Any CPU
		{4A829497-8FFC-4EBC-B6AB-40112423B2CD}.ReleaseDLL|Any CPU.Build.0 = Release|Any CPU
		{4A829497-8FFC-4EBC-B6AB-40112423B2CD}.ReleaseDLL|ARM.ActiveCfg = Release|Any CPU
		{4A829497-8FFC-4EBC-B6AB-40112423B2CD}.ReleaseDLL|Mixed Platforms.ActiveCfg = Release|Any CPU
		{4A829497-8FFC-4EBC-B6AB-40112423B2CD}.ReleaseDLL|Mixed Platforms.Build.0 = Release|Any CPU
		{4A829497-8FFC-4EBC-B6AB-40112423B2CD}.ReleaseDLL|Win32.ActiveCfg = Release|Any CPU
		{4A829497-8FFC-4EBC-B6AB-40112423B2CD}.ReleaseDLL|x64.ActiveCfg = Release|Any CPU
		{4A829497-8FFC-4EBC-B6AB-40112423B2CD}.ReleaseDLL|x86.ActiveCfg = Release|Any CPU
		{48C1DF3F-2E09-4088-89B2-6E1B058E3100}.Debug|Any CPU.ActiveCfg = Debug|Any CPU
		{48C1DF3F-2E09-4088-89B2-6E1B058E3100}.Debug|Any CPU.Build.0 = Debug|Any CPU
		{48C1DF3F-2E09-4088-89B2-6E1B058E3100}.Debug|ARM.ActiveCfg = Debug|Any CPU
		{48C1DF3F-2E09-4088-89B2-6E1B058E3100}.Debug|Mixed Platforms.ActiveCfg = Debug|Any CPU
		{48C1DF3F-2E09-4088-89B2-6E1B058E3100}.Debug|Mixed Platforms.Build.0 = Debug|Any CPU
		{48C1DF3F-2E09-4088-89B2-6E1B058E3100}.Debug|Win32.ActiveCfg = Debug|Any CPU
		{48C1DF3F-2E09-4088-89B2-6E1B058E3100}.Debug|x64.ActiveCfg = Debug|Any CPU
		{48C1DF3F-2E09-4088-89B2-6E1B058E3100}.Debug|x86.ActiveCfg = Debug|Any CPU
		{48C1DF3F-2E09-4088-89B2-6E1B058E3100}.DebugDLL|Any CPU.ActiveCfg = Debug|Any CPU
		{48C1DF3F-2E09-4088-89B2-6E1B058E3100}.DebugDLL|Any CPU.Build.0 = Debug|Any CPU
		{48C1DF3F-2E09-4088-89B2-6E1B058E3100}.DebugDLL|ARM.ActiveCfg = Debug|Any CPU
		{48C1DF3F-2E09-4088-89B2-6E1B058E3100}.DebugDLL|Mixed Platforms.ActiveCfg = Debug|Any CPU
		{48C1DF3F-2E09-4088-89B2-6E1B058E3100}.DebugDLL|Mixed Platforms.Build.0 = Debug|Any CPU
		{48C1DF3F-2E09-4088-89B2-6E1B058E3100}.DebugDLL|Win32.ActiveCfg = Debug|Any CPU
		{48C1DF3F-2E09-4088-89B2-6E1B058E3100}.DebugDLL|x64.ActiveCfg = Debug|Any CPU
		{48C1DF3F-2E09-4088-89B2-6E1B058E3100}.DebugDLL|x86.ActiveCfg = Debug|Any CPU
		{48C1DF3F-2E09-4088-89B2-6E1B058E3100}.Device|Any CPU.ActiveCfg = Debug|Any CPU
		{48C1DF3F-2E09-4088-89B2-6E1B058E3100}.Device|Any CPU.Build.0 = Debug|Any CPU
		{48C1DF3F-2E09-4088-89B2-6E1B058E3100}.Device|ARM.ActiveCfg = Debug|Any CPU
		{48C1DF3F-2E09-4088-89B2-6E1B058E3100}.Device|Mixed Platforms.ActiveCfg = Debug|Any CPU
		{48C1DF3F-2E09-4088-89B2-6E1B058E3100}.Device|Mixed Platforms.Build.0 = Debug|Any CPU
		{48C1DF3F-2E09-4088-89B2-6E1B058E3100}.Device|Win32.ActiveCfg = Debug|Any CPU
		{48C1DF3F-2E09-4088-89B2-6E1B058E3100}.Device|x64.ActiveCfg = Debug|Any CPU
		{48C1DF3F-2E09-4088-89B2-6E1B058E3100}.Device|x86.ActiveCfg = Debug|Any CPU
		{48C1DF3F-2E09-4088-89B2-6E1B058E3100}.Release|Any CPU.ActiveCfg = Release|Any CPU
		{48C1DF3F-2E09-4088-89B2-6E1B058E3100}.Release|Any CPU.Build.0 = Release|Any CPU
		{48C1DF3F-2E09-4088-89B2-6E1B058E3100}.Release|ARM.ActiveCfg = Release|Any CPU
		{48C1DF3F-2E09-4088-89B2-6E1B058E3100}.Release|Mixed Platforms.ActiveCfg = Release|Any CPU
		{48C1DF3F-2E09-4088-89B2-6E1B058E3100}.Release|Mixed Platforms.Build.0 = Release|Any CPU
		{48C1DF3F-2E09-4088-89B2-6E1B058E3100}.Release|Win32.ActiveCfg = Release|Any CPU
		{48C1DF3F-2E09-4088-89B2-6E1B058E3100}.Release|x64.ActiveCfg = Release|Any CPU
		{48C1DF3F-2E09-4088-89B2-6E1B058E3100}.Release|x86.ActiveCfg = Release|Any CPU
		{48C1DF3F-2E09-4088-89B2-6E1B058E3100}.ReleaseDLL|Any CPU.ActiveCfg = Release|Any CPU
		{48C1DF3F-2E09-4088-89B2-6E1B058E3100}.ReleaseDLL|Any CPU.Build.0 = Release|Any CPU
		{48C1DF3F-2E09-4088-89B2-6E1B058E3100}.ReleaseDLL|ARM.ActiveCfg = Release|Any CPU
		{48C1DF3F-2E09-4088-89B2-6E1B058E3100}.ReleaseDLL|Mixed Platforms.ActiveCfg = Release|Any CPU
		{48C1DF3F-2E09-4088-89B2-6E1B058E3100}.ReleaseDLL|Mixed Platforms.Build.0 = Release|Any CPU
		{48C1DF3F-2E09-4088-89B2-6E1B058E3100}.ReleaseDLL|Win32.ActiveCfg = Release|Any CPU
		{48C1DF3F-2E09-4088-89B2-6E1B058E3100}.ReleaseDLL|x64.ActiveCfg = Release|Any CPU
		{48C1DF3F-2E09-4088-89B2-6E1B058E3100}.ReleaseDLL|x86.ActiveCfg = Release|Any CPU
		{9A3A225B-2940-42B3-81A3-A06565FAB856}.Debug|Any CPU.ActiveCfg = Debug|Any CPU
		{9A3A225B-2940-42B3-81A3-A06565FAB856}.Debug|Any CPU.Build.0 = Debug|Any CPU
		{9A3A225B-2940-42B3-81A3-A06565FAB856}.Debug|ARM.ActiveCfg = Debug|Any CPU
		{9A3A225B-2940-42B3-81A3-A06565FAB856}.Debug|Mixed Platforms.ActiveCfg = Debug|Any CPU
		{9A3A225B-2940-42B3-81A3-A06565FAB856}.Debug|Mixed Platforms.Build.0 = Debug|Any CPU
		{9A3A225B-2940-42B3-81A3-A06565FAB856}.Debug|Win32.ActiveCfg = Debug|Any CPU
		{9A3A225B-2940-42B3-81A3-A06565FAB856}.Debug|x64.ActiveCfg = Debug|Any CPU
		{9A3A225B-2940-42B3-81A3-A06565FAB856}.Debug|x86.ActiveCfg = Debug|Any CPU
		{9A3A225B-2940-42B3-81A3-A06565FAB856}.DebugDLL|Any CPU.ActiveCfg = Debug|Any CPU
		{9A3A225B-2940-42B3-81A3-A06565FAB856}.DebugDLL|Any CPU.Build.0 = Debug|Any CPU
		{9A3A225B-2940-42B3-81A3-A06565FAB856}.DebugDLL|ARM.ActiveCfg = Debug|Any CPU
		{9A3A225B-2940-42B3-81A3-A06565FAB856}.DebugDLL|Mixed Platforms.ActiveCfg = Debug|Any CPU
		{9A3A225B-2940-42B3-81A3-A06565FAB856}.DebugDLL|Mixed Platforms.Build.0 = Debug|Any CPU
		{9A3A225B-2940-42B3-81A3-A06565FAB856}.DebugDLL|Win32.ActiveCfg = Debug|Any CPU
		{9A3A225B-2940-42B3-81A3-A06565FAB856}.DebugDLL|x64.ActiveCfg = Debug|Any CPU
		{9A3A225B-2940-42B3-81A3-A06565FAB856}.DebugDLL|x86.ActiveCfg = Debug|Any CPU
		{9A3A225B-2940-42B3-81A3-A06565FAB856}.Device|Any CPU.ActiveCfg = Debug|Any CPU
		{9A3A225B-2940-42B3-81A3-A06565FAB856}.Device|Any CPU.Build.0 = Debug|Any CPU
		{9A3A225B-2940-42B3-81A3-A06565FAB856}.Device|ARM.ActiveCfg = Debug|Any CPU
		{9A3A225B-2940-42B3-81A3-A06565FAB856}.Device|Mixed Platforms.ActiveCfg = Debug|Any CPU
		{9A3A225B-2940-42B3-81A3-A06565FAB856}.Device|Mixed Platforms.Build.0 = Debug|Any CPU
		{9A3A225B-2940-42B3-81A3-A06565FAB856}.Device|Win32.ActiveCfg = Debug|Any CPU
		{9A3A225B-2940-42B3-81A3-A06565FAB856}.Device|x64.ActiveCfg = Debug|Any CPU
		{9A3A225B-2940-42B3-81A3-A06565FAB856}.Device|x86.ActiveCfg = Debug|Any CPU
		{9A3A225B-2940-42B3-81A3-A06565FAB856}.Release|Any CPU.ActiveCfg = Release|Any CPU
		{9A3A225B-2940-42B3-81A3-A06565FAB856}.Release|Any CPU.Build.0 = Release|Any CPU
		{9A3A225B-2940-42B3-81A3-A06565FAB856}.Release|ARM.ActiveCfg = Release|Any CPU
		{9A3A225B-2940-42B3-81A3-A06565FAB856}.Release|Mixed Platforms.ActiveCfg = Release|Any CPU
		{9A3A225B-2940-42B3-81A3-A06565FAB856}.Release|Mixed Platforms.Build.0 = Release|Any CPU
		{9A3A225B-2940-42B3-81A3-A06565FAB856}.Release|Win32.ActiveCfg = Release|Any CPU
		{9A3A225B-2940-42B3-81A3-A06565FAB856}.Release|x64.ActiveCfg = Release|Any CPU
		{9A3A225B-2940-42B3-81A3-A06565FAB856}.Release|x86.ActiveCfg = Release|Any CPU
		{9A3A225B-2940-42B3-81A3-A06565FAB856}.ReleaseDLL|Any CPU.ActiveCfg = Release|Any CPU
		{9A3A225B-2940-42B3-81A3-A06565FAB856}.ReleaseDLL|Any CPU.Build.0 = Release|Any CPU
		{9A3A225B-2940-42B3-81A3-A06565FAB856}.ReleaseDLL|ARM.ActiveCfg = Release|Any CPU
		{9A3A225B-2940-42B3-81A3-A06565FAB856}.ReleaseDLL|Mixed Platforms.ActiveCfg = Release|Any CPU
		{9A3A225B-2940-42B3-81A3-A06565FAB856}.ReleaseDLL|Mixed Platforms.Build.0 = Release|Any CPU
		{9A3A225B-2940-42B3-81A3-A06565FAB856}.ReleaseDLL|Win32.ActiveCfg = Release|Any CPU
		{9A3A225B-2940-42B3-81A3-A06565FAB856}.ReleaseDLL|x64.ActiveCfg = Release|Any CPU
		{9A3A225B-2940-42B3-81A3-A06565FAB856}.ReleaseDLL|x86.ActiveCfg = Release|Any CPU
		{3DF31CF4-4981-419B-A074-4829F2DAE2B2}.Debug|Any CPU.ActiveCfg = Debug|Any CPU
		{3DF31CF4-4981-419B-A074-4829F2DAE2B2}.Debug|Any CPU.Build.0 = Debug|Any CPU
		{3DF31CF4-4981-419B-A074-4829F2DAE2B2}.Debug|Any CPU.Deploy.0 = Debug|Any CPU
		{3DF31CF4-4981-419B-A074-4829F2DAE2B2}.Debug|ARM.ActiveCfg = Debug|ARM
		{3DF31CF4-4981-419B-A074-4829F2DAE2B2}.Debug|ARM.Build.0 = Debug|ARM
		{3DF31CF4-4981-419B-A074-4829F2DAE2B2}.Debug|ARM.Deploy.0 = Debug|ARM
		{3DF31CF4-4981-419B-A074-4829F2DAE2B2}.Debug|Mixed Platforms.ActiveCfg = Debug|Any CPU
		{3DF31CF4-4981-419B-A074-4829F2DAE2B2}.Debug|Mixed Platforms.Build.0 = Debug|Any CPU
		{3DF31CF4-4981-419B-A074-4829F2DAE2B2}.Debug|Mixed Platforms.Deploy.0 = Debug|Any CPU
		{3DF31CF4-4981-419B-A074-4829F2DAE2B2}.Debug|Win32.ActiveCfg = Debug|x86
		{3DF31CF4-4981-419B-A074-4829F2DAE2B2}.Debug|Win32.Build.0 = Debug|x86
		{3DF31CF4-4981-419B-A074-4829F2DAE2B2}.Debug|Win32.Deploy.0 = Debug|x86
		{3DF31CF4-4981-419B-A074-4829F2DAE2B2}.Debug|x64.ActiveCfg = Debug|Any CPU
		{3DF31CF4-4981-419B-A074-4829F2DAE2B2}.Debug|x86.ActiveCfg = Debug|x86
		{3DF31CF4-4981-419B-A074-4829F2DAE2B2}.Debug|x86.Build.0 = Debug|x86
		{3DF31CF4-4981-419B-A074-4829F2DAE2B2}.Debug|x86.Deploy.0 = Debug|x86
		{3DF31CF4-4981-419B-A074-4829F2DAE2B2}.DebugDLL|Any CPU.ActiveCfg = Debug|Any CPU
		{3DF31CF4-4981-419B-A074-4829F2DAE2B2}.DebugDLL|Any CPU.Build.0 = Debug|Any CPU
		{3DF31CF4-4981-419B-A074-4829F2DAE2B2}.DebugDLL|Any CPU.Deploy.0 = Debug|Any CPU
		{3DF31CF4-4981-419B-A074-4829F2DAE2B2}.DebugDLL|ARM.ActiveCfg = Debug|ARM
		{3DF31CF4-4981-419B-A074-4829F2DAE2B2}.DebugDLL|ARM.Build.0 = Debug|ARM
		{3DF31CF4-4981-419B-A074-4829F2DAE2B2}.DebugDLL|ARM.Deploy.0 = Debug|ARM
		{3DF31CF4-4981-419B-A074-4829F2DAE2B2}.DebugDLL|Mixed Platforms.ActiveCfg = Debug|x86
		{3DF31CF4-4981-419B-A074-4829F2DAE2B2}.DebugDLL|Mixed Platforms.Build.0 = Debug|x86
		{3DF31CF4-4981-419B-A074-4829F2DAE2B2}.DebugDLL|Mixed Platforms.Deploy.0 = Debug|x86
		{3DF31CF4-4981-419B-A074-4829F2DAE2B2}.DebugDLL|Win32.ActiveCfg = Debug|x86
		{3DF31CF4-4981-419B-A074-4829F2DAE2B2}.DebugDLL|Win32.Build.0 = Debug|x86
		{3DF31CF4-4981-419B-A074-4829F2DAE2B2}.DebugDLL|Win32.Deploy.0 = Debug|x86
		{3DF31CF4-4981-419B-A074-4829F2DAE2B2}.DebugDLL|x64.ActiveCfg = Debug|Any CPU
		{3DF31CF4-4981-419B-A074-4829F2DAE2B2}.DebugDLL|x86.ActiveCfg = Debug|x86
		{3DF31CF4-4981-419B-A074-4829F2DAE2B2}.DebugDLL|x86.Build.0 = Debug|x86
		{3DF31CF4-4981-419B-A074-4829F2DAE2B2}.DebugDLL|x86.Deploy.0 = Debug|x86
		{3DF31CF4-4981-419B-A074-4829F2DAE2B2}.Device|Any CPU.ActiveCfg = Device|Any CPU
		{3DF31CF4-4981-419B-A074-4829F2DAE2B2}.Device|Any CPU.Build.0 = Device|Any CPU
		{3DF31CF4-4981-419B-A074-4829F2DAE2B2}.Device|Any CPU.Deploy.0 = Device|Any CPU
		{3DF31CF4-4981-419B-A074-4829F2DAE2B2}.Device|ARM.ActiveCfg = Device|ARM
		{3DF31CF4-4981-419B-A074-4829F2DAE2B2}.Device|ARM.Build.0 = Device|ARM
		{3DF31CF4-4981-419B-A074-4829F2DAE2B2}.Device|ARM.Deploy.0 = Device|ARM
		{3DF31CF4-4981-419B-A074-4829F2DAE2B2}.Device|Mixed Platforms.ActiveCfg = Device|ARM
		{3DF31CF4-4981-419B-A074-4829F2DAE2B2}.Device|Mixed Platforms.Build.0 = Device|ARM
		{3DF31CF4-4981-419B-A074-4829F2DAE2B2}.Device|Mixed Platforms.Deploy.0 = Device|ARM
		{3DF31CF4-4981-419B-A074-4829F2DAE2B2}.Device|Win32.ActiveCfg = Device|x86
		{3DF31CF4-4981-419B-A074-4829F2DAE2B2}.Device|Win32.Build.0 = Device|x86
		{3DF31CF4-4981-419B-A074-4829F2DAE2B2}.Device|Win32.Deploy.0 = Device|x86
		{3DF31CF4-4981-419B-A074-4829F2DAE2B2}.Device|x64.ActiveCfg = Device|Any CPU
		{3DF31CF4-4981-419B-A074-4829F2DAE2B2}.Device|x86.ActiveCfg = Device|x86
		{3DF31CF4-4981-419B-A074-4829F2DAE2B2}.Device|x86.Build.0 = Device|x86
		{3DF31CF4-4981-419B-A074-4829F2DAE2B2}.Device|x86.Deploy.0 = Device|x86
		{3DF31CF4-4981-419B-A074-4829F2DAE2B2}.Release|Any CPU.ActiveCfg = Release|Any CPU
		{3DF31CF4-4981-419B-A074-4829F2DAE2B2}.Release|Any CPU.Build.0 = Release|Any CPU
		{3DF31CF4-4981-419B-A074-4829F2DAE2B2}.Release|Any CPU.Deploy.0 = Release|Any CPU
		{3DF31CF4-4981-419B-A074-4829F2DAE2B2}.Release|ARM.ActiveCfg = Release|ARM
		{3DF31CF4-4981-419B-A074-4829F2DAE2B2}.Release|ARM.Build.0 = Release|ARM
		{3DF31CF4-4981-419B-A074-4829F2DAE2B2}.Release|ARM.Deploy.0 = Release|ARM
		{3DF31CF4-4981-419B-A074-4829F2DAE2B2}.Release|Mixed Platforms.ActiveCfg = Release|x86
		{3DF31CF4-4981-419B-A074-4829F2DAE2B2}.Release|Mixed Platforms.Build.0 = Release|x86
		{3DF31CF4-4981-419B-A074-4829F2DAE2B2}.Release|Mixed Platforms.Deploy.0 = Release|x86
		{3DF31CF4-4981-419B-A074-4829F2DAE2B2}.Release|Win32.ActiveCfg = Release|x86
		{3DF31CF4-4981-419B-A074-4829F2DAE2B2}.Release|Win32.Build.0 = Release|x86
		{3DF31CF4-4981-419B-A074-4829F2DAE2B2}.Release|Win32.Deploy.0 = Release|x86
		{3DF31CF4-4981-419B-A074-4829F2DAE2B2}.Release|x64.ActiveCfg = Release|Any CPU
		{3DF31CF4-4981-419B-A074-4829F2DAE2B2}.Release|x86.ActiveCfg = Release|x86
		{3DF31CF4-4981-419B-A074-4829F2DAE2B2}.Release|x86.Build.0 = Release|x86
		{3DF31CF4-4981-419B-A074-4829F2DAE2B2}.Release|x86.Deploy.0 = Release|x86
		{3DF31CF4-4981-419B-A074-4829F2DAE2B2}.ReleaseDLL|Any CPU.ActiveCfg = Release|Any CPU
		{3DF31CF4-4981-419B-A074-4829F2DAE2B2}.ReleaseDLL|Any CPU.Build.0 = Release|Any CPU
		{3DF31CF4-4981-419B-A074-4829F2DAE2B2}.ReleaseDLL|Any CPU.Deploy.0 = Release|Any CPU
		{3DF31CF4-4981-419B-A074-4829F2DAE2B2}.ReleaseDLL|ARM.ActiveCfg = Release|ARM
		{3DF31CF4-4981-419B-A074-4829F2DAE2B2}.ReleaseDLL|ARM.Build.0 = Release|ARM
		{3DF31CF4-4981-419B-A074-4829F2DAE2B2}.ReleaseDLL|ARM.Deploy.0 = Release|ARM
		{3DF31CF4-4981-419B-A074-4829F2DAE2B2}.ReleaseDLL|Mixed Platforms.ActiveCfg = Release|x86
		{3DF31CF4-4981-419B-A074-4829F2DAE2B2}.ReleaseDLL|Mixed Platforms.Build.0 = Release|x86
		{3DF31CF4-4981-419B-A074-4829F2DAE2B2}.ReleaseDLL|Mixed Platforms.Deploy.0 = Release|x86
		{3DF31CF4-4981-419B-A074-4829F2DAE2B2}.ReleaseDLL|Win32.ActiveCfg = Release|x86
		{3DF31CF4-4981-419B-A074-4829F2DAE2B2}.ReleaseDLL|Win32.Build.0 = Release|x86
		{3DF31CF4-4981-419B-A074-4829F2DAE2B2}.ReleaseDLL|Win32.Deploy.0 = Release|x86
		{3DF31CF4-4981-419B-A074-4829F2DAE2B2}.ReleaseDLL|x64.ActiveCfg = Release|Any CPU
		{3DF31CF4-4981-419B-A074-4829F2DAE2B2}.ReleaseDLL|x86.ActiveCfg = Release|x86
		{3DF31CF4-4981-419B-A074-4829F2DAE2B2}.ReleaseDLL|x86.Build.0 = Release|x86
		{3DF31CF4-4981-419B-A074-4829F2DAE2B2}.ReleaseDLL|x86.Deploy.0 = Release|x86
		{A4B47946-A309-4FA3-BF72-62611A461EF9}.Debug|Any CPU.ActiveCfg = Debug|Any CPU
		{A4B47946-A309-4FA3-BF72-62611A461EF9}.Debug|Any CPU.Build.0 = Debug|Any CPU
		{A4B47946-A309-4FA3-BF72-62611A461EF9}.Debug|ARM.ActiveCfg = Debug|ARM
		{A4B47946-A309-4FA3-BF72-62611A461EF9}.Debug|ARM.Build.0 = Debug|ARM
		{A4B47946-A309-4FA3-BF72-62611A461EF9}.Debug|Mixed Platforms.ActiveCfg = Debug|x86
		{A4B47946-A309-4FA3-BF72-62611A461EF9}.Debug|Mixed Platforms.Build.0 = Debug|x86
		{A4B47946-A309-4FA3-BF72-62611A461EF9}.Debug|Win32.ActiveCfg = Debug|x86
		{A4B47946-A309-4FA3-BF72-62611A461EF9}.Debug|Win32.Build.0 = Debug|x86
		{A4B47946-A309-4FA3-BF72-62611A461EF9}.Debug|x64.ActiveCfg = Debug|Any CPU
		{A4B47946-A309-4FA3-BF72-62611A461EF9}.Debug|x86.ActiveCfg = Debug|x86
		{A4B47946-A309-4FA3-BF72-62611A461EF9}.Debug|x86.Build.0 = Debug|x86
		{A4B47946-A309-4FA3-BF72-62611A461EF9}.DebugDLL|Any CPU.ActiveCfg = Debug|Any CPU
		{A4B47946-A309-4FA3-BF72-62611A461EF9}.DebugDLL|Any CPU.Build.0 = Debug|Any CPU
		{A4B47946-A309-4FA3-BF72-62611A461EF9}.DebugDLL|ARM.ActiveCfg = Debug|ARM
		{A4B47946-A309-4FA3-BF72-62611A461EF9}.DebugDLL|ARM.Build.0 = Debug|ARM
		{A4B47946-A309-4FA3-BF72-62611A461EF9}.DebugDLL|Mixed Platforms.ActiveCfg = Debug|x86
		{A4B47946-A309-4FA3-BF72-62611A461EF9}.DebugDLL|Mixed Platforms.Build.0 = Debug|x86
		{A4B47946-A309-4FA3-BF72-62611A461EF9}.DebugDLL|Win32.ActiveCfg = Debug|x86
		{A4B47946-A309-4FA3-BF72-62611A461EF9}.DebugDLL|Win32.Build.0 = Debug|x86
		{A4B47946-A309-4FA3-BF72-62611A461EF9}.DebugDLL|x64.ActiveCfg = Debug|Any CPU
		{A4B47946-A309-4FA3-BF72-62611A461EF9}.DebugDLL|x86.ActiveCfg = Debug|x86
		{A4B47946-A309-4FA3-BF72-62611A461EF9}.DebugDLL|x86.Build.0 = Debug|x86
		{A4B47946-A309-4FA3-BF72-62611A461EF9}.Device|Any CPU.ActiveCfg = Debug|Any CPU
		{A4B47946-A309-4FA3-BF72-62611A461EF9}.Device|Any CPU.Build.0 = Debug|Any CPU
		{A4B47946-A309-4FA3-BF72-62611A461EF9}.Device|ARM.ActiveCfg = Debug|ARM
		{A4B47946-A309-4FA3-BF72-62611A461EF9}.Device|ARM.Build.0 = Debug|ARM
		{A4B47946-A309-4FA3-BF72-62611A461EF9}.Device|Mixed Platforms.ActiveCfg = Debug|ARM
		{A4B47946-A309-4FA3-BF72-62611A461EF9}.Device|Mixed Platforms.Build.0 = Debug|ARM
		{A4B47946-A309-4FA3-BF72-62611A461EF9}.Device|Win32.ActiveCfg = Debug|x86
		{A4B47946-A309-4FA3-BF72-62611A461EF9}.Device|Win32.Build.0 = Debug|x86
		{A4B47946-A309-4FA3-BF72-62611A461EF9}.Device|x64.ActiveCfg = Debug|Any CPU
		{A4B47946-A309-4FA3-BF72-62611A461EF9}.Device|x86.ActiveCfg = Debug|x86
		{A4B47946-A309-4FA3-BF72-62611A461EF9}.Device|x86.Build.0 = Debug|x86
		{A4B47946-A309-4FA3-BF72-62611A461EF9}.Release|Any CPU.ActiveCfg = Release|Any CPU
		{A4B47946-A309-4FA3-BF72-62611A461EF9}.Release|Any CPU.Build.0 = Release|Any CPU
		{A4B47946-A309-4FA3-BF72-62611A461EF9}.Release|ARM.ActiveCfg = Release|ARM
		{A4B47946-A309-4FA3-BF72-62611A461EF9}.Release|ARM.Build.0 = Release|ARM
		{A4B47946-A309-4FA3-BF72-62611A461EF9}.Release|Mixed Platforms.ActiveCfg = Release|x86
		{A4B47946-A309-4FA3-BF72-62611A461EF9}.Release|Mixed Platforms.Build.0 = Release|x86
		{A4B47946-A309-4FA3-BF72-62611A461EF9}.Release|Win32.ActiveCfg = Release|x86
		{A4B47946-A309-4FA3-BF72-62611A461EF9}.Release|Win32.Build.0 = Release|x86
		{A4B47946-A309-4FA3-BF72-62611A461EF9}.Release|x64.ActiveCfg = Release|Any CPU
		{A4B47946-A309-4FA3-BF72-62611A461EF9}.Release|x86.ActiveCfg = Release|x86
		{A4B47946-A309-4FA3-BF72-62611A461EF9}.Release|x86.Build.0 = Release|x86
		{A4B47946-A309-4FA3-BF72-62611A461EF9}.ReleaseDLL|Any CPU.ActiveCfg = Release|Any CPU
		{A4B47946-A309-4FA3-BF72-62611A461EF9}.ReleaseDLL|Any CPU.Build.0 = Release|Any CPU
		{A4B47946-A309-4FA3-BF72-62611A461EF9}.ReleaseDLL|ARM.ActiveCfg = Release|ARM
		{A4B47946-A309-4FA3-BF72-62611A461EF9}.ReleaseDLL|ARM.Build.0 = Release|ARM
		{A4B47946-A309-4FA3-BF72-62611A461EF9}.ReleaseDLL|Mixed Platforms.ActiveCfg = Release|x86
		{A4B47946-A309-4FA3-BF72-62611A461EF9}.ReleaseDLL|Mixed Platforms.Build.0 = Release|x86
		{A4B47946-A309-4FA3-BF72-62611A461EF9}.ReleaseDLL|Win32.ActiveCfg = Release|x86
		{A4B47946-A309-4FA3-BF72-62611A461EF9}.ReleaseDLL|Win32.Build.0 = Release|x86
		{A4B47946-A309-4FA3-BF72-62611A461EF9}.ReleaseDLL|x64.ActiveCfg = Release|Any CPU
		{A4B47946-A309-4FA3-BF72-62611A461EF9}.ReleaseDLL|x86.ActiveCfg = Release|x86
		{A4B47946-A309-4FA3-BF72-62611A461EF9}.ReleaseDLL|x86.Build.0 = Release|x86
		{79FDC15E-8B2C-4C0B-89CA-2587FA443BF9}.Debug|Any CPU.ActiveCfg = Debug|Any CPU
		{79FDC15E-8B2C-4C0B-89CA-2587FA443BF9}.Debug|Any CPU.Build.0 = Debug|Any CPU
		{79FDC15E-8B2C-4C0B-89CA-2587FA443BF9}.Debug|ARM.ActiveCfg = Debug|Any CPU
		{79FDC15E-8B2C-4C0B-89CA-2587FA443BF9}.Debug|Mixed Platforms.ActiveCfg = Debug|Any CPU
		{79FDC15E-8B2C-4C0B-89CA-2587FA443BF9}.Debug|Mixed Platforms.Build.0 = Debug|Any CPU
		{79FDC15E-8B2C-4C0B-89CA-2587FA443BF9}.Debug|Win32.ActiveCfg = Debug|Any CPU
		{79FDC15E-8B2C-4C0B-89CA-2587FA443BF9}.Debug|x64.ActiveCfg = Debug|Any CPU
		{79FDC15E-8B2C-4C0B-89CA-2587FA443BF9}.Debug|x86.ActiveCfg = Debug|Any CPU
		{79FDC15E-8B2C-4C0B-89CA-2587FA443BF9}.DebugDLL|Any CPU.ActiveCfg = Debug|Any CPU
		{79FDC15E-8B2C-4C0B-89CA-2587FA443BF9}.DebugDLL|Any CPU.Build.0 = Debug|Any CPU
		{79FDC15E-8B2C-4C0B-89CA-2587FA443BF9}.DebugDLL|ARM.ActiveCfg = Debug|Any CPU
		{79FDC15E-8B2C-4C0B-89CA-2587FA443BF9}.DebugDLL|Mixed Platforms.ActiveCfg = Debug|Any CPU
		{79FDC15E-8B2C-4C0B-89CA-2587FA443BF9}.DebugDLL|Mixed Platforms.Build.0 = Debug|Any CPU
		{79FDC15E-8B2C-4C0B-89CA-2587FA443BF9}.DebugDLL|Win32.ActiveCfg = Debug|Any CPU
		{79FDC15E-8B2C-4C0B-89CA-2587FA443BF9}.DebugDLL|x64.ActiveCfg = Debug|Any CPU
		{79FDC15E-8B2C-4C0B-89CA-2587FA443BF9}.DebugDLL|x86.ActiveCfg = Debug|Any CPU
		{79FDC15E-8B2C-4C0B-89CA-2587FA443BF9}.Device|Any CPU.ActiveCfg = Debug|Any CPU
		{79FDC15E-8B2C-4C0B-89CA-2587FA443BF9}.Device|Any CPU.Build.0 = Debug|Any CPU
		{79FDC15E-8B2C-4C0B-89CA-2587FA443BF9}.Device|ARM.ActiveCfg = Debug|Any CPU
		{79FDC15E-8B2C-4C0B-89CA-2587FA443BF9}.Device|Mixed Platforms.ActiveCfg = Debug|Any CPU
		{79FDC15E-8B2C-4C0B-89CA-2587FA443BF9}.Device|Mixed Platforms.Build.0 = Debug|Any CPU
		{79FDC15E-8B2C-4C0B-89CA-2587FA443BF9}.Device|Win32.ActiveCfg = Debug|Any CPU
		{79FDC15E-8B2C-4C0B-89CA-2587FA443BF9}.Device|x64.ActiveCfg = Debug|Any CPU
		{79FDC15E-8B2C-4C0B-89CA-2587FA443BF9}.Device|x86.ActiveCfg = Debug|Any CPU
		{79FDC15E-8B2C-4C0B-89CA-2587FA443BF9}.Release|Any CPU.ActiveCfg = Release|Any CPU
		{79FDC15E-8B2C-4C0B-89CA-2587FA443BF9}.Release|Any CPU.Build.0 = Release|Any CPU
		{79FDC15E-8B2C-4C0B-89CA-2587FA443BF9}.Release|ARM.ActiveCfg = Release|Any CPU
		{79FDC15E-8B2C-4C0B-89CA-2587FA443BF9}.Release|Mixed Platforms.ActiveCfg = Release|Any CPU
		{79FDC15E-8B2C-4C0B-89CA-2587FA443BF9}.Release|Mixed Platforms.Build.0 = Release|Any CPU
		{79FDC15E-8B2C-4C0B-89CA-2587FA443BF9}.Release|Win32.ActiveCfg = Release|Any CPU
		{79FDC15E-8B2C-4C0B-89CA-2587FA443BF9}.Release|x64.ActiveCfg = Release|Any CPU
		{79FDC15E-8B2C-4C0B-89CA-2587FA443BF9}.Release|x86.ActiveCfg = Release|Any CPU
		{79FDC15E-8B2C-4C0B-89CA-2587FA443BF9}.ReleaseDLL|Any CPU.ActiveCfg = Release|Any CPU
		{79FDC15E-8B2C-4C0B-89CA-2587FA443BF9}.ReleaseDLL|Any CPU.Build.0 = Release|Any CPU
		{79FDC15E-8B2C-4C0B-89CA-2587FA443BF9}.ReleaseDLL|ARM.ActiveCfg = Release|Any CPU
		{79FDC15E-8B2C-4C0B-89CA-2587FA443BF9}.ReleaseDLL|Mixed Platforms.ActiveCfg = Release|Any CPU
		{79FDC15E-8B2C-4C0B-89CA-2587FA443BF9}.ReleaseDLL|Mixed Platforms.Build.0 = Release|Any CPU
		{79FDC15E-8B2C-4C0B-89CA-2587FA443BF9}.ReleaseDLL|Win32.ActiveCfg = Release|Any CPU
		{79FDC15E-8B2C-4C0B-89CA-2587FA443BF9}.ReleaseDLL|x64.ActiveCfg = Release|Any CPU
		{79FDC15E-8B2C-4C0B-89CA-2587FA443BF9}.ReleaseDLL|x86.ActiveCfg = Release|Any CPU
		{9133274D-7734-4613-94FE-FFE3935757DF}.Debug|Any CPU.ActiveCfg = Debug|Any CPU
		{9133274D-7734-4613-94FE-FFE3935757DF}.Debug|Any CPU.Build.0 = Debug|Any CPU
		{9133274D-7734-4613-94FE-FFE3935757DF}.Debug|ARM.ActiveCfg = Debug|Any CPU
		{9133274D-7734-4613-94FE-FFE3935757DF}.Debug|Mixed Platforms.ActiveCfg = Debug|Any CPU
		{9133274D-7734-4613-94FE-FFE3935757DF}.Debug|Mixed Platforms.Build.0 = Debug|Any CPU
		{9133274D-7734-4613-94FE-FFE3935757DF}.Debug|Win32.ActiveCfg = Debug|Any CPU
		{9133274D-7734-4613-94FE-FFE3935757DF}.Debug|x64.ActiveCfg = Debug|Any CPU
		{9133274D-7734-4613-94FE-FFE3935757DF}.Debug|x86.ActiveCfg = Debug|Any CPU
		{9133274D-7734-4613-94FE-FFE3935757DF}.DebugDLL|Any CPU.ActiveCfg = Debug|Any CPU
		{9133274D-7734-4613-94FE-FFE3935757DF}.DebugDLL|Any CPU.Build.0 = Debug|Any CPU
		{9133274D-7734-4613-94FE-FFE3935757DF}.DebugDLL|ARM.ActiveCfg = Debug|Any CPU
		{9133274D-7734-4613-94FE-FFE3935757DF}.DebugDLL|Mixed Platforms.ActiveCfg = Debug|Any CPU
		{9133274D-7734-4613-94FE-FFE3935757DF}.DebugDLL|Mixed Platforms.Build.0 = Debug|Any CPU
		{9133274D-7734-4613-94FE-FFE3935757DF}.DebugDLL|Win32.ActiveCfg = Debug|Any CPU
		{9133274D-7734-4613-94FE-FFE3935757DF}.DebugDLL|x64.ActiveCfg = Debug|Any CPU
		{9133274D-7734-4613-94FE-FFE3935757DF}.DebugDLL|x86.ActiveCfg = Debug|Any CPU
		{9133274D-7734-4613-94FE-FFE3935757DF}.Device|Any CPU.ActiveCfg = Debug|Any CPU
		{9133274D-7734-4613-94FE-FFE3935757DF}.Device|Any CPU.Build.0 = Debug|Any CPU
		{9133274D-7734-4613-94FE-FFE3935757DF}.Device|ARM.ActiveCfg = Debug|Any CPU
		{9133274D-7734-4613-94FE-FFE3935757DF}.Device|Mixed Platforms.ActiveCfg = Debug|Any CPU
		{9133274D-7734-4613-94FE-FFE3935757DF}.Device|Mixed Platforms.Build.0 = Debug|Any CPU
		{9133274D-7734-4613-94FE-FFE3935757DF}.Device|Win32.ActiveCfg = Debug|Any CPU
		{9133274D-7734-4613-94FE-FFE3935757DF}.Device|x64.ActiveCfg = Debug|Any CPU
		{9133274D-7734-4613-94FE-FFE3935757DF}.Device|x86.ActiveCfg = Debug|Any CPU
		{9133274D-7734-4613-94FE-FFE3935757DF}.Release|Any CPU.ActiveCfg = Release|Any CPU
		{9133274D-7734-4613-94FE-FFE3935757DF}.Release|Any CPU.Build.0 = Release|Any CPU
		{9133274D-7734-4613-94FE-FFE3935757DF}.Release|ARM.ActiveCfg = Release|Any CPU
		{9133274D-7734-4613-94FE-FFE3935757DF}.Release|Mixed Platforms.ActiveCfg = Release|Any CPU
		{9133274D-7734-4613-94FE-FFE3935757DF}.Release|Mixed Platforms.Build.0 = Release|Any CPU
		{9133274D-7734-4613-94FE-FFE3935757DF}.Release|Win32.ActiveCfg = Release|Any CPU
		{9133274D-7734-4613-94FE-FFE3935757DF}.Release|x64.ActiveCfg = Release|Any CPU
		{9133274D-7734-4613-94FE-FFE3935757DF}.Release|x86.ActiveCfg = Release|Any CPU
		{9133274D-7734-4613-94FE-FFE3935757DF}.ReleaseDLL|Any CPU.ActiveCfg = Release|Any CPU
		{9133274D-7734-4613-94FE-FFE3935757DF}.ReleaseDLL|Any CPU.Build.0 = Release|Any CPU
		{9133274D-7734-4613-94FE-FFE3935757DF}.ReleaseDLL|ARM.ActiveCfg = Release|Any CPU
		{9133274D-7734-4613-94FE-FFE3935757DF}.ReleaseDLL|Mixed Platforms.ActiveCfg = Release|Any CPU
		{9133274D-7734-4613-94FE-FFE3935757DF}.ReleaseDLL|Mixed Platforms.Build.0 = Release|Any CPU
		{9133274D-7734-4613-94FE-FFE3935757DF}.ReleaseDLL|Win32.ActiveCfg = Release|Any CPU
		{9133274D-7734-4613-94FE-FFE3935757DF}.ReleaseDLL|x64.ActiveCfg = Release|Any CPU
		{9133274D-7734-4613-94FE-FFE3935757DF}.ReleaseDLL|x86.ActiveCfg = Release|Any CPU
	EndGlobalSection
	GlobalSection(SolutionProperties) = preSolution
		HideSolutionNode = FALSE
	EndGlobalSection
EndGlobal
